
Microsoft Visual Studio Solution File, Format Version 12.00
# Visual Studio Version 17
VisualStudioVersion = 17.9.34622.214
MinimumVisualStudioVersion = 10.0.40219.1
Project("{FAE04EC0-301F-11D3-BF4B-00C04F79EFBC}") = "FileClassifier", "FileClassifier.csproj", "{B3CBA68D-D7B7-4CBF-831D-887A9EE333DB}"
EndProject
Global
	GlobalSection(SolutionConfigurationPlatforms) = preSolution
		Debug|Any CPU = Debug|Any CPU
		Release|Any CPU = Release|Any CPU
	EndGlobalSection
	GlobalSection(ProjectConfigurationPlatforms) = postSolution
		{B3CBA68D-D7B7-4CBF-831D-887A9EE333DB}.Debug|Any CPU.ActiveCfg = Debug|Any CPU
		{B3CBA68D-D7B7-4CBF-831D-887A9EE333DB}.Debug|Any CPU.Build.0 = Debug|Any CPU
		{B3CBA68D-D7B7-4CBF-831D-887A9EE333DB}.Release|Any CPU.ActiveCfg = Release|Any CPU
		{B3CBA68D-D7B7-4CBF-831D-887A9EE333DB}.Release|Any CPU.Build.0 = Release|Any CPU
	EndGlobalSection
	GlobalSection(SolutionProperties) = preSolution
		HideSolutionNode = FALSE
	EndGlobalSection
	GlobalSection(ExtensibilityGlobals) = postSolution
		SolutionGuid = {7B5C33A9-55C3-4063-8A5E-972F165BAA94}
	EndGlobalSection
EndGlobal
